<?xml version="1.0" encoding="utf-8"?>
<Project ToolsVersion="4.0" xmlns="http://schemas.microsoft.com/developer/msbuild/2003">
  <ItemGroup>
    <Filter Include="src">
      <UniqueIdentifier>{d36e8c19-a443-4671-96db-8068837887b0}</UniqueIdentifier>
    </Filter>
    <Filter Include="include">
      <UniqueIdentifier>{b55daab1-4e41-4fd8-96a3-cec1f3a28eba}</UniqueIdentifier>
    </Filter>
  </ItemGroup>
  <ItemGroup>
    <ClInclude Include="include\customer.h">
      <Filter>include</Filter>
    </ClInclude>
    <ClInclude Include="include\order.h">
      <Filter>include</Filter>
    </ClInclude>
    <ClInclude Include="include\product.h">
      <Filter>include</Filter>
    </ClInclude>
    <ClInclude Include="include\shopping_cart.h">
      <Filter>include</Filter>
    </ClInclude>
  </ItemGroup>
  <ItemGroup>
    <ClCompile Include="src\main.c">
      <Filter>src</Filter>
    </ClCompile>
    <ClCompile Include="src\order.c">
      <Filter>src</Filter>
    </ClCompile>
    <ClCompile Include="src\shopping_cart.c">
      <Filter>src</Filter>
    </ClCompile>
  </ItemGroup>
</Project>